{
    "hash": "84659ca5b396524c73d0708cbd0bb084",
    "packages": [
        {
            "name": "anahkiasen/html-object",
            "version": "dev-master",
            "source": {
                "type": "git",
                "url": "https://github.com/Anahkiasen/html-object.git",
                "reference": "12eb512dc08595075077157841d1db08800987ad"
            },
            "dist": {
                "type": "zip",
                "url": "https://api.github.com/repos/Anahkiasen/html-object/zipball/12eb512dc08595075077157841d1db08800987ad",
                "reference": "12eb512dc08595075077157841d1db08800987ad",
                "shasum": ""
            },
            "require": {
                "anahkiasen/underscore-php": "dev-master"
            },
            "type": "library",
            "autoload": {
                "psr-0": {
                    "HtmlObject": "src/"
                }
            },
            "notification-url": "http://packagist.org/downloads/",
            "license": [
                "MIT"
            ],
            "authors": [
                {
                    "name": "Anahkiasen",
                    "email": "ehtnam6@gmail.com"
                }
            ],
            "description": "A set of classes to create and manipulate HTML objects abstractions",
            "time": "2013-02-27 15:11:49"
        },
        {
            "name": "anahkiasen/underscore-php",
            "version": "dev-master",
            "source": {
                "type": "git",
                "url": "https://github.com/Anahkiasen/underscore-php.git",
                "reference": "e106a0df389d8f321496f94d2f38eff0556120c9"
            },
            "dist": {
                "type": "zip",
                "url": "https://api.github.com/repos/Anahkiasen/underscore-php/zipball/e106a0df389d8f321496f94d2f38eff0556120c9",
                "reference": "e106a0df389d8f321496f94d2f38eff0556120c9",
                "shasum": ""
            },
            "require": {
                "illuminate/support": "4.0.*@dev",
                "php": ">=5.3.0"
            },
            "type": "library",
            "autoload": {
                "psr-0": {
                    "Underscore": "src/"
                }
            },
            "notification-url": "http://packagist.org/downloads/",
            "license": [
                "MIT"
            ],
            "authors": [
                {
                    "name": "Maxime Fabre",
                    "email": "ehtnam6@gmail.com"
                }
            ],
            "description": "A redacted port of Underscore.js for PHP",
            "time": "2013-02-27 14:01:46"
        },
        {
            "name": "illuminate/cache",
            "version": "dev-master",
            "target-dir": "Illuminate/Cache",
            "source": {
                "type": "git",
                "url": "http://github.com/illuminate/cache",
                "reference": "v4.0.0-BETA3"
            },
            "dist": {
                "type": "zip",
                "url": "https://api.github.com/repos/illuminate/cache/zipball/v4.0.0-BETA3",
                "reference": "v4.0.0-BETA3",
                "shasum": ""
            },
            "require": {
                "illuminate/database": "4.0.x",
                "illuminate/encryption": "4.0.x",
                "illuminate/filesystem": "4.0.x",
                "illuminate/redis": "4.0.x",
                "illuminate/support": "4.0.x",
                "php": ">=5.3.0"
            },
            "type": "library",
            "extra": {
                "branch-alias": {
                    "dev-master": "4.0-dev"
                }
            },
            "autoload": {
                "psr-0": {
                    "Illuminate\\Cache": ""
                }
            },
            "notification-url": "https://packagist.org/downloads/",
            "authors": [
                {
                    "name": "Taylor Otwell",
                    "email": "taylorotwell@gmail.com"
                }
            ],
            "time": "2013-01-25 02:35:30"
        },
        {
            "name": "illuminate/config",
            "version": "dev-master",
            "target-dir": "Illuminate/Config",
            "source": {
                "type": "git",
                "url": "http://github.com/illuminate/config",
                "reference": "v4.0.0-BETA3"
            },
            "dist": {
                "type": "zip",
                "url": "https://api.github.com/repos/illuminate/config/zipball/v4.0.0-BETA3",
                "reference": "v4.0.0-BETA3",
                "shasum": ""
            },
            "require": {
                "illuminate/filesystem": "4.0.x",
                "illuminate/support": "4.0.x",
                "php": ">=5.3.0"
            },
            "type": "library",
            "extra": {
                "branch-alias": {
                    "dev-master": "4.0-dev"
                }
            },
            "autoload": {
                "psr-0": {
                    "Illuminate\\Config": ""
                }
            },
            "notification-url": "https://packagist.org/downloads/",
            "authors": [
                {
                    "name": "Taylor Otwell",
                    "email": "taylorotwell@gmail.com"
                }
            ],
            "time": "2013-01-24 05:11:39"
        },
        {
            "name": "illuminate/container",
            "version": "dev-master",
            "target-dir": "Illuminate/Container",
            "source": {
                "type": "git",
                "url": "https://github.com/illuminate/container.git",
                "reference": "fceee6a7748fec2a93a8f3d320f5104baad92629"
            },
            "dist": {
                "type": "zip",
                "url": "https://api.github.com/repos/illuminate/container/zipball/fceee6a7748fec2a93a8f3d320f5104baad92629",
                "reference": "fceee6a7748fec2a93a8f3d320f5104baad92629",
                "shasum": ""
            },
            "require": {
                "php": ">=5.3.0"
            },
            "type": "library",
            "extra": {
                "branch-alias": {
                    "dev-master": "4.0-dev"
                }
            },
            "autoload": {
                "psr-0": {
                    "Illuminate\\Container": ""
                }
            },
            "notification-url": "https://packagist.org/downloads/",
            "authors": [
                {
                    "name": "Taylor Otwell",
                    "email": "taylorotwell@gmail.com"
                }
            ],
            "time": "2013-02-15 16:15:55"
        },
        {
            "name": "illuminate/cookie",
            "version": "dev-master",
            "target-dir": "Illuminate/Cookie",
            "source": {
                "type": "git",
                "url": "https://github.com/illuminate/cookie.git",
                "reference": "41917ad1a2ab8b8d58598dc55fdd67dc8490e9ee"
            },
            "dist": {
                "type": "zip",
                "url": "https://api.github.com/repos/illuminate/cookie/zipball/41917ad1a2ab8b8d58598dc55fdd67dc8490e9ee",
                "reference": "41917ad1a2ab8b8d58598dc55fdd67dc8490e9ee",
                "shasum": ""
            },
            "require": {
                "illuminate/encryption": "4.0.x",
                "illuminate/support": "4.0.x",
                "php": ">=5.3.0",
                "symfony/http-foundation": "2.2.*"
            },
            "require-dev": {
                "mockery/mockery": "0.7.2"
            },
            "type": "library",
            "extra": {
                "branch-alias": {
                    "dev-master": "4.0-dev"
                }
            },
            "autoload": {
                "psr-0": {
                    "Illuminate\\Cookie": ""
                }
            },
            "notification-url": "https://packagist.org/downloads/",
            "authors": [
                {
                    "name": "Taylor Otwell",
                    "email": "taylorotwell@gmail.com"
                }
            ],
            "description": "A cookie creation utility.",
            "time": "2013-02-16 03:38:54"
        },
        {
            "name": "illuminate/database",
            "version": "dev-master",
            "target-dir": "Illuminate/Database",
            "source": {
                "type": "git",
                "url": "https://github.com/illuminate/database.git",
                "reference": "fca84168f32fa33ac3e199cef267cee84cab89b4"
            },
            "dist": {
                "type": "zip",
                "url": "https://api.github.com/repos/illuminate/database/zipball/fca84168f32fa33ac3e199cef267cee84cab89b4",
                "reference": "fca84168f32fa33ac3e199cef267cee84cab89b4",
                "shasum": ""
            },
            "require": {
                "illuminate/container": "4.0.x",
                "illuminate/events": "4.0.x",
                "illuminate/support": "4.0.x",
                "php": ">=5.3.0"
            },
            "require-dev": {
                "illuminate/console": "4.0.x",
                "illuminate/filesystem": "4.0.x",
                "illuminate/pagination": "4.0.x",
                "illuminate/support": "4.0.x",
                "mockery/mockery": "0.7.2"
            },
            "type": "library",
            "extra": {
                "branch-alias": {
                    "dev-master": "4.0-dev"
                }
            },
            "autoload": {
                "psr-0": {
                    "Illuminate\\Database": ""
                }
            },
            "notification-url": "http://packagist.org/downloads/",
            "authors": [
                {
                    "name": "Taylor Otwell",
                    "email": "taylorotwell@gmail.com"
                }
            ],
            "description": "An elegant database abstraction library.",
            "keywords": [
                "database",
                "laravel",
                "orm",
                "sql"
            ],
            "time": "2013-02-27 04:33:47"
        },
        {
            "name": "illuminate/encryption",
            "version": "dev-master",
            "target-dir": "Illuminate/Encryption",
            "source": {
                "type": "git",
                "url": "http://github.com/illuminate/encryption",
                "reference": "v4.0.0-BETA3"
            },
            "dist": {
                "type": "zip",
                "url": "https://api.github.com/repos/illuminate/encryption/zipball/v4.0.0-BETA3",
                "reference": "v4.0.0-BETA3",
                "shasum": ""
            },
            "require": {
                "illuminate/support": "4.0.x",
                "php": ">=5.3.0"
            },
            "type": "library",
            "extra": {
                "branch-alias": {
                    "dev-master": "4.0-dev"
                }
            },
            "autoload": {
                "psr-0": {
                    "Illuminate\\Encryption": ""
                }
            },
            "notification-url": "https://packagist.org/downloads/",
            "authors": [
                {
                    "name": "Taylor Otwell",
                    "email": "taylorotwell@gmail.com"
                }
            ],
            "description": "A simple wrapper around the mcrypt library.",
            "time": "2013-01-29 04:30:32"
        },
        {
            "name": "illuminate/events",
            "version": "dev-master",
            "target-dir": "Illuminate/Events",
            "source": {
                "type": "git",
                "url": "http://github.com/illuminate/events",
                "reference": "8c1c86555bfad43c42d58aa73def6d26a9f430e3"
            },
            "dist": {
                "type": "zip",
                "url": "https://api.github.com/repos/illuminate/events/zipball/8c1c86555bfad43c42d58aa73def6d26a9f430e3",
                "reference": "8c1c86555bfad43c42d58aa73def6d26a9f430e3",
                "shasum": ""
            },
            "require": {
                "illuminate/container": "4.0.x",
                "illuminate/support": "4.0.x",
                "php": ">=5.3.0"
            },
            "require-dev": {
                "mockery/mockery": "0.7.2"
            },
            "type": "library",
            "extra": {
                "branch-alias": {
                    "dev-master": "4.0-dev"
                }
            },
            "autoload": {
                "psr-0": {
                    "Illuminate\\Events": ""
                }
            },
            "notification-url": "https://packagist.org/downloads/",
            "authors": [
                {
                    "name": "Taylor Otwell",
                    "email": "taylorotwell@gmail.com"
                }
            ],
            "description": "A simple, powerful events system.",
            "time": "2013-02-13 16:18:10"
        },
        {
            "name": "illuminate/filesystem",
            "version": "dev-master",
            "target-dir": "Illuminate/Filesystem",
            "source": {
                "type": "git",
                "url": "http://github.com/illuminate/filesystem",
                "reference": "v4.0.0-BETA3"
            },
            "dist": {
                "type": "zip",
                "url": "https://api.github.com/repos/illuminate/filesystem/zipball/v4.0.0-BETA3",
                "reference": "v4.0.0-BETA3",
                "shasum": ""
            },
            "require": {
                "illuminate/support": "4.0.x",
                "php": ">=5.3.0"
            },
            "type": "library",
            "extra": {
                "branch-alias": {
                    "dev-master": "4.0-dev"
                }
            },
            "autoload": {
                "psr-0": {
                    "Illuminate\\Filesystem": ""
                }
            },
            "notification-url": "https://packagist.org/downloads/",
            "authors": [
                {
                    "name": "Taylor Otwell",
                    "email": "taylorotwell@gmail.com"
                }
            ],
            "description": "A filesystem abstraction library.",
            "time": "2013-01-13 05:33:18"
        },
        {
            "name": "illuminate/http",
            "version": "dev-master",
            "target-dir": "Illuminate/Http",
            "source": {
                "type": "git",
                "url": "https://github.com/illuminate/http.git",
                "reference": "964e3b83ec33bd419525023089766cde3b3e8781"
            },
            "dist": {
                "type": "zip",
                "url": "https://api.github.com/repos/illuminate/http/zipball/964e3b83ec33bd419525023089766cde3b3e8781",
                "reference": "964e3b83ec33bd419525023089766cde3b3e8781",
                "shasum": ""
            },
            "require": {
                "illuminate/session": "4.0.x",
                "illuminate/support": "4.0.x",
                "symfony/http-foundation": "2.2.*"
            },
            "require-dev": {
                "mockery/mockery": "0.7.2"
            },
            "type": "library",
            "extra": {
                "branch-alias": {
                    "dev-master": "4.0-dev"
                }
            },
            "autoload": {
                "psr-0": {
                    "Illuminate\\Http": ""
                }
            },
            "notification-url": "http://packagist.org/downloads/",
            "authors": [
                {
                    "name": "Taylor Otwell",
                    "email": "taylorotwell@gmail.com"
                }
            ],
            "keywords": [
                "laravel"
            ],
            "time": "2013-02-26 16:26:46"
        },
        {
            "name": "illuminate/redis",
            "version": "dev-master",
            "target-dir": "Illuminate/Redis",
            "source": {
                "type": "git",
                "url": "https://github.com/illuminate/redis.git",
                "reference": "c3e010e35e658926c735aebb237f92e63ceeaead"
            },
            "dist": {
                "type": "zip",
                "url": "https://api.github.com/repos/illuminate/redis/zipball/c3e010e35e658926c735aebb237f92e63ceeaead",
                "reference": "c3e010e35e658926c735aebb237f92e63ceeaead",
                "shasum": ""
            },
            "require": {
                "illuminate/support": "4.0.x",
                "php": ">=5.3.0"
            },
            "require-dev": {
                "mockery/mockery": "0.7.2"
            },
            "type": "library",
            "extra": {
                "branch-alias": {
                    "dev-master": "4.0-dev"
                }
            },
            "autoload": {
                "psr-0": {
                    "Illuminate\\Redis": ""
                }
            },
            "notification-url": "https://packagist.org/downloads/",
            "authors": [
                {
                    "name": "Taylor Otwell",
                    "email": "taylorotwell@gmail.com"
                }
            ],
            "keywords": [
                "laravel"
            ],
            "time": "2013-02-16 04:01:19"
        },
        {
            "name": "illuminate/routing",
            "version": "dev-master",
            "target-dir": "Illuminate/Routing",
            "source": {
                "type": "git",
                "url": "https://github.com/illuminate/routing.git",
                "reference": "c35f4ff41b0515e29ff1788ae1a5d103b71e881b"
            },
            "dist": {
                "type": "zip",
                "url": "https://api.github.com/repos/illuminate/routing/zipball/c35f4ff41b0515e29ff1788ae1a5d103b71e881b",
                "reference": "c35f4ff41b0515e29ff1788ae1a5d103b71e881b",
                "shasum": ""
            },
            "require": {
                "illuminate/container": "4.0.x",
                "illuminate/http": "4.0.x",
                "illuminate/session": "4.0.x",
                "illuminate/support": "4.0.x",
                "symfony/http-foundation": "2.2.*",
                "symfony/http-kernel": "2.2.*",
                "symfony/routing": "2.2.*"
            },
            "require-dev": {
                "illuminate/console": "4.0.x",
                "illuminate/filesystem": "4.0.x",
                "mockery/mockery": "0.7.2"
            },
            "type": "library",
            "extra": {
                "branch-alias": {
                    "dev-master": "4.0-dev"
                }
            },
            "autoload": {
                "psr-0": {
                    "Illuminate\\Routing": ""
                }
            },
            "notification-url": "http://packagist.org/downloads/",
            "authors": [
                {
                    "name": "Taylor Otwell",
                    "email": "taylorotwell@gmail.com"
                }
            ],
            "description": "A swift routing and dispatch component.",
            "keywords": [
                "laravel"
            ],
            "time": "2013-02-26 02:59:51"
        },
        {
            "name": "illuminate/session",
            "version": "dev-master",
            "target-dir": "Illuminate/Session",
            "source": {
                "type": "git",
                "url": "https://github.com/illuminate/session.git",
                "reference": "978f0da0485fcca88eea72293bc037aebe842e41"
            },
            "dist": {
                "type": "zip",
                "url": "https://api.github.com/repos/illuminate/session/zipball/978f0da0485fcca88eea72293bc037aebe842e41",
                "reference": "978f0da0485fcca88eea72293bc037aebe842e41",
                "shasum": ""
            },
            "require": {
                "illuminate/cache": "4.0.x",
                "illuminate/cookie": "4.0.x",
                "illuminate/database": "4.0.x",
                "illuminate/encryption": "4.0.x",
                "illuminate/filesystem": "4.0.x",
                "illuminate/support": "4.0.x",
                "php": ">=5.3.0",
                "symfony/http-foundation": "2.2.*"
            },
            "require-dev": {
                "illuminate/console": "4.0.x",
                "mockery/mockery": ">=0.7.2"
            },
            "type": "library",
            "extra": {
                "branch-alias": {
                    "dev-master": "4.0-dev"
                }
            },
            "autoload": {
                "psr-0": {
                    "Illuminate\\Session": ""
                }
            },
            "notification-url": "http://packagist.org/downloads/",
            "authors": [
                {
                    "name": "Taylor Otwell",
                    "email": "taylorotwell@gmail.com"
                }
            ],
            "description": "A tidy, simple session library.",
            "time": "2013-02-27 05:19:01"
        },
        {
            "name": "illuminate/support",
            "version": "dev-master",
            "target-dir": "Illuminate/Support",
            "source": {
                "type": "git",
                "url": "https://github.com/illuminate/support.git",
                "reference": "4a83c61f0556e72d5f98e00c90fe8a5af027e285"
            },
            "dist": {
                "type": "zip",
                "url": "https://api.github.com/repos/illuminate/support/zipball/4a83c61f0556e72d5f98e00c90fe8a5af027e285",
                "reference": "4a83c61f0556e72d5f98e00c90fe8a5af027e285",
                "shasum": ""
            },
            "require": {
                "php": ">=5.3.0"
            },
            "require-dev": {
                "mockery/mockery": "0.7.2",
                "patchwork/utf8": "1.0.*"
            },
            "type": "library",
            "extra": {
                "branch-alias": {
                    "dev-master": "4.0-dev"
                }
            },
            "autoload": {
                "psr-0": {
                    "Illuminate\\Support": ""
                },
                "files": [
                    "Illuminate/Support/helpers.php"
                ]
            },
            "notification-url": "http://packagist.org/downloads/",
            "authors": [
                {
                    "name": "Taylor Otwell",
                    "email": "taylorotwell@gmail.com"
                }
            ],
            "description": "Various utilities and support functions.",
            "time": "2013-02-27 21:35:00"
        },
        {
            "name": "jasonlewis/basset",
            "version": "dev-master",
            "source": {
                "type": "git",
                "url": "https://github.com/jasonlewis/basset",
                "reference": "b5dd8228474ffd8a439234832e83e23531e7f8bf"
            },
            "dist": {
                "type": "zip",
                "url": "https://github.com/jasonlewis/basset/archive/b5dd8228474ffd8a439234832e83e23531e7f8bf.zip",
                "reference": "b5dd8228474ffd8a439234832e83e23531e7f8bf",
                "shasum": ""
            },
            "require": {
                "illuminate/config": "4.*",
                "illuminate/container": "4.*",
                "illuminate/filesystem": "4.*",
                "illuminate/http": "4.*",
                "illuminate/routing": "4.*",
                "illuminate/support": "4.*",
                "kriswallsmith/assetic": "1.*",
                "php": ">=5.3.0"
            },
            "require-dev": {
                "mockery/mockery": "0.7.*"
            },
            "type": "library",
            "autoload": {
                "psr-0": {
                    "Basset": "src/"
                }
            },
            "notification-url": "https://packagist.org/downloads/",
            "license": [
                "BSD-2-Clause"
            ],
            "authors": [
                {
                    "name": "Jason Lewis",
                    "email": "jason.lewis1991@gmail.com",
                    "homepage": "http://jasonlewis.me",
                    "role": "Creator"
                }
            ],
            "description": "A Better Asset Management package for Laravel.",
            "keywords": [
                "asset",
                "basset"
            ],
            "time": "2013-01-12 14:37:01"
        },
        {
            "name": "kriswallsmith/assetic",
            "version": "dev-master",
            "source": {
                "type": "git",
                "url": "https://github.com/kriswallsmith/assetic.git",
                "reference": "df03baa337ae1c87803a7b1a76a393f8a59813f3"
            },
            "dist": {
                "type": "zip",
                "url": "https://api.github.com/repos/kriswallsmith/assetic/zipball/df03baa337ae1c87803a7b1a76a393f8a59813f3",
                "reference": "df03baa337ae1c87803a7b1a76a393f8a59813f3",
                "shasum": ""
            },
            "require": {
                "php": ">=5.3.1",
                "symfony/process": ">=2.1.0,<2.3-dev"
            },
            "require-dev": {
                "cssmin/cssmin": "*",
                "joliclic/javascript-packer": "*",
                "kamicane/packager": "*",
                "leafo/lessphp": "*",
                "leafo/scssphp": "*",
                "leafo/scssphp-compass": "*",
                "mrclay/minify": "*",
                "phpunit/phpunit": "3.7.*",
                "ptachoire/cssembed": "*",
                "twig/twig": ">=1.6.0,<2.0"
            },
            "suggest": {
                "leafo/lessphp": "Assetic provides the integration with the lessphp LESS compiler",
                "leafo/scssphp": "Assetic provides the integration with the scssphp SCSS compiler",
                "leafo/scssphp-compass": "Assetic provides the integration with the SCSS compass plugin",
                "ptachoire/cssembed": "Assetic provides the integration with phpcssembed to embed data uris",
                "twig/twig": "Assetic provides the integration with the Twig templating engine"
            },
            "type": "library",
            "extra": {
                "branch-alias": {
                    "dev-master": "1.1-dev"
                }
            },
            "autoload": {
                "psr-0": {
                    "Assetic": "src/"
                },
                "files": [
                    "src/functions.php"
                ]
            },
            "notification-url": "http://packagist.org/downloads/",
            "license": [
                "MIT"
            ],
            "authors": [
                {
                    "name": "Kris Wallsmith",
                    "email": "kris.wallsmith@gmail.com",
                    "homepage": "http://kriswallsmith.net/"
                }
            ],
            "description": "Asset Management for PHP",
            "homepage": "https://github.com/kriswallsmith/assetic",
            "keywords": [
                "assets",
                "compression",
                "minification"
            ],
            "time": "2013-02-24 17:22:20"
        },
        {
            "name": "meido/form",
            "version": "dev-master",
            "source": {
                "type": "git",
                "url": "https://github.com/meido/form.git",
                "reference": "33835f2d1eb9998d155b9d204e1a9a5b98f79fbe"
            },
            "dist": {
                "type": "zip",
                "url": "https://api.github.com/repos/meido/form/zipball/33835f2d1eb9998d155b9d204e1a9a5b98f79fbe",
                "reference": "33835f2d1eb9998d155b9d204e1a9a5b98f79fbe",
                "shasum": ""
            },
            "require": {
                "illuminate/routing": "4.0.x",
                "illuminate/support": "4.0.x",
                "meido/html": "1.1.x",
                "php": ">=5.3.0"
            },
            "type": "library",
            "autoload": {
                "classmap": [
                    "src/migrations"
                ],
                "psr-0": {
                    "Meido\\Form": "src/"
                }
            },
            "notification-url": "http://packagist.org/downloads/",
            "authors": [
                {
                    "name": "Joni Chandra",
                    "email": "joniliciously@gmail.com"
                }
            ],
            "description": "A port of Laravel 3's Form class",
            "time": "2013-02-22 04:27:03"
        },
        {
            "name": "meido/html",
            "version": "v1.1.2",
            "source": {
                "type": "git",
                "url": "https://github.com/meido/html.git",
                "reference": "v1.1.2"
            },
            "dist": {
                "type": "zip",
                "url": "https://api.github.com/repos/meido/html/zipball/v1.1.2",
                "reference": "v1.1.2",
                "shasum": ""
            },
            "require": {
                "illuminate/routing": "4.0.x",
                "illuminate/support": "4.0.x",
                "php": ">=5.3.0"
            },
            "type": "library",
            "autoload": {
                "classmap": [
                    "src/migrations"
                ],
                "psr-0": {
                    "Meido\\HTML": "src/"
                }
            },
            "notification-url": "http://packagist.org/downloads/",
            "authors": [
                {
                    "name": "Joni Chandra",
                    "email": "joniliciously@gmail.com"
                }
            ],
            "description": "A port of Laravel 3's HTML class",
            "time": "2013-02-22 07:11:11"
        },
        {
            "name": "psr/log",
            "version": "1.0.0",
            "source": {
                "type": "git",
                "url": "https://github.com/php-fig/log",
                "reference": "1.0.0"
            },
            "dist": {
                "type": "zip",
                "url": "https://github.com/php-fig/log/archive/1.0.0.zip",
                "reference": "1.0.0",
                "shasum": ""
            },
            "type": "library",
            "autoload": {
                "psr-0": {
                    "Psr\\Log\\": ""
                }
            },
            "notification-url": "https://packagist.org/downloads/",
            "license": [
                "MIT"
            ],
            "authors": [
                {
                    "name": "PHP-FIG",
                    "homepage": "http://www.php-fig.org/"
                }
            ],
            "description": "Common interface for logging libraries",
            "keywords": [
                "log",
                "psr",
                "psr-3"
            ],
            "time": "2012-12-21 11:40:51"
        },
        {
            "name": "symfony/event-dispatcher",
            "version": "dev-master",
            "target-dir": "Symfony/Component/EventDispatcher",
            "source": {
                "type": "git",
                "url": "https://github.com/symfony/EventDispatcher",
                "reference": "2e1fce7bb3ea06d9e42756f1dd3edf966420c755"
            },
            "dist": {
                "type": "zip",
                "url": "https://api.github.com/repos/symfony/EventDispatcher/zipball/2e1fce7bb3ea06d9e42756f1dd3edf966420c755",
                "reference": "2e1fce7bb3ea06d9e42756f1dd3edf966420c755",
                "shasum": ""
            },
            "require": {
                "php": ">=5.3.3"
            },
            "require-dev": {
                "symfony/dependency-injection": ">=2.0,<3.0"
            },
            "suggest": {
                "symfony/dependency-injection": "2.2.*",
                "symfony/http-kernel": "2.2.*"
            },
            "type": "library",
            "extra": {
                "branch-alias": {
                    "dev-master": "2.3-dev"
                }
            },
            "autoload": {
                "psr-0": {
                    "Symfony\\Component\\EventDispatcher\\": ""
                }
            },
            "notification-url": "https://packagist.org/downloads/",
            "license": [
                "MIT"
            ],
            "authors": [
                {
                    "name": "Fabien Potencier",
                    "email": "fabien@symfony.com"
                },
                {
                    "name": "Symfony Community",
                    "homepage": "http://symfony.com/contributors"
                }
            ],
            "description": "Symfony EventDispatcher Component",
            "homepage": "http://symfony.com",
            "time": "2013-02-11 11:27:01"
        },
        {
            "name": "symfony/http-foundation",
            "version": "2.2.x-dev",
            "target-dir": "Symfony/Component/HttpFoundation",
            "source": {
                "type": "git",
                "url": "https://github.com/symfony/HttpFoundation.git",
                "reference": "05436cd1d542f21da6ee67857cf88224e5f3acb1"
            },
            "dist": {
                "type": "zip",
                "url": "https://api.github.com/repos/symfony/HttpFoundation/zipball/05436cd1d542f21da6ee67857cf88224e5f3acb1",
                "reference": "05436cd1d542f21da6ee67857cf88224e5f3acb1",
                "shasum": ""
            },
            "require": {
                "php": ">=5.3.3"
            },
            "type": "library",
            "extra": {
                "branch-alias": {
                    "dev-master": "2.2-dev"
                }
            },
            "autoload": {
                "psr-0": {
                    "Symfony\\Component\\HttpFoundation\\": ""
                },
                "classmap": [
                    "Symfony/Component/HttpFoundation/Resources/stubs"
                ]
            },
            "notification-url": "http://packagist.org/downloads/",
            "license": [
                "MIT"
            ],
            "authors": [
                {
                    "name": "Fabien Potencier",
                    "email": "fabien@symfony.com"
                },
                {
                    "name": "Symfony Community",
                    "homepage": "http://symfony.com/contributors"
                }
            ],
            "description": "Symfony HttpFoundation Component",
            "homepage": "http://symfony.com",
            "time": "2013-02-26 09:42:13"
        },
        {
            "name": "symfony/http-kernel",
            "version": "2.2.x-dev",
            "target-dir": "Symfony/Component/HttpKernel",
            "source": {
                "type": "git",
                "url": "https://github.com/symfony/HttpKernel.git",
                "reference": "dbdaeb9c849a5eadc552cb0b8c61cfc72d1d8b4c"
            },
            "dist": {
                "type": "zip",
                "url": "https://api.github.com/repos/symfony/HttpKernel/zipball/dbdaeb9c849a5eadc552cb0b8c61cfc72d1d8b4c",
                "reference": "dbdaeb9c849a5eadc552cb0b8c61cfc72d1d8b4c",
                "shasum": ""
            },
            "require": {
                "php": ">=5.3.3",
                "psr/log": ">=1.0,<2.0",
                "symfony/event-dispatcher": ">=2.1,<3.0",
                "symfony/http-foundation": ">=2.2,<2.3-dev"
            },
            "require-dev": {
                "symfony/browser-kit": "2.2.*",
                "symfony/class-loader": ">=2.1,<3.0",
                "symfony/config": ">=2.0,<3.0",
                "symfony/console": "2.2.*",
                "symfony/dependency-injection": ">=2.0,<3.0",
                "symfony/finder": ">=2.0,<3.0",
                "symfony/process": ">=2.0,<3.0",
                "symfony/routing": ">=2.2,<2.3-dev",
                "symfony/stopwatch": ">=2.2,<2.3-dev"
            },
            "suggest": {
                "symfony/browser-kit": "2.2.*",
                "symfony/class-loader": "2.2.*",
                "symfony/config": "2.2.*",
                "symfony/console": "2.2.*",
                "symfony/dependency-injection": "2.2.*",
                "symfony/finder": "2.2.*"
            },
            "type": "library",
            "extra": {
                "branch-alias": {
                    "dev-master": "2.2-dev"
                }
            },
            "autoload": {
                "psr-0": {
                    "Symfony\\Component\\HttpKernel\\": ""
                }
            },
            "notification-url": "http://packagist.org/downloads/",
            "license": [
                "MIT"
            ],
            "authors": [
                {
                    "name": "Fabien Potencier",
                    "email": "fabien@symfony.com"
                },
                {
                    "name": "Symfony Community",
                    "homepage": "http://symfony.com/contributors"
                }
            ],
            "description": "Symfony HttpKernel Component",
            "homepage": "http://symfony.com",
            "time": "2013-02-25 17:19:31"
        },
        {
            "name": "symfony/process",
            "version": "2.2.x-dev",
            "target-dir": "Symfony/Component/Process",
            "source": {
                "type": "git",
                "url": "https://github.com/symfony/Process.git",
                "reference": "v2.2.0-RC3"
            },
            "dist": {
                "type": "zip",
                "url": "https://api.github.com/repos/symfony/Process/zipball/v2.2.0-RC3",
                "reference": "v2.2.0-RC3",
                "shasum": ""
            },
            "require": {
                "php": ">=5.3.3"
            },
            "type": "library",
            "extra": {
                "branch-alias": {
                    "dev-master": "2.2-dev"
                }
            },
            "autoload": {
                "psr-0": {
                    "Symfony\\Component\\Process\\": ""
                }
            },
            "notification-url": "http://packagist.org/downloads/",
            "license": [
                "MIT"
            ],
            "authors": [
                {
                    "name": "Fabien Potencier",
                    "email": "fabien@symfony.com"
                },
                {
                    "name": "Symfony Community",
                    "homepage": "http://symfony.com/contributors"
                }
            ],
            "description": "Symfony Process Component",
            "homepage": "http://symfony.com",
            "time": "2013-02-18 21:28:10"
        },
        {
            "name": "symfony/routing",
            "version": "2.2.x-dev",
            "target-dir": "Symfony/Component/Routing",
            "source": {
                "type": "git",
                "url": "https://github.com/symfony/Routing.git",
                "reference": "v2.2.0-RC3"
            },
            "dist": {
                "type": "zip",
                "url": "https://api.github.com/repos/symfony/Routing/zipball/v2.2.0-RC3",
                "reference": "v2.2.0-RC3",
                "shasum": ""
            },
            "require": {
                "php": ">=5.3.3"
            },
            "require-dev": {
                "doctrine/common": ">=2.2,<3.0",
                "psr/log": ">=1.0,<2.0",
                "symfony/config": ">=2.2,<2.3-dev",
                "symfony/yaml": ">=2.0,<3.0"
            },
            "suggest": {
                "doctrine/common": "~2.2",
                "symfony/config": "2.2.*",
                "symfony/yaml": "2.2.*"
            },
            "type": "library",
            "extra": {
                "branch-alias": {
                    "dev-master": "2.2-dev"
                }
            },
            "autoload": {
                "psr-0": {
                    "Symfony\\Component\\Routing\\": ""
                }
            },
            "notification-url": "http://packagist.org/downloads/",
            "license": [
                "MIT"
            ],
            "authors": [
                {
                    "name": "Fabien Potencier",
                    "email": "fabien@symfony.com"
                },
                {
                    "name": "Symfony Community",
                    "homepage": "http://symfony.com/contributors"
                }
            ],
            "description": "Symfony Routing Component",
            "homepage": "http://symfony.com",
            "time": "2013-02-11 11:24:47"
        }
    ],
    "packages-dev": null,
    "aliases": [

    ],
    "minimum-stability": "dev",
    "stability-flags": {
        "anahkiasen/html-object": 20,
        "illuminate/support": 20,
        "jasonlewis/basset": 20,
        "meido/form": 20,
        "mockery/mockery": 20
    }
}
